{
  "object": {
    "pins": [
      {
        "package": "Dollar",
        "repositoryURL": "https://github.com/ankurp/Dollar.git",
        "state": {
          "branch": "master",
          "revision": "26b7a50b316961479ac9cbb94db5b4176188e8a8",
          "version": null
        }
      }
    ]
  },
  "version": 1
}
